
Microsoft Visual Studio Solution File, Format Version 12.00
# Visual Studio Version 17
VisualStudioVersion = 17.8.34330.188
MinimumVisualStudioVersion = 10.0.40219.1
Project("{FAE04EC0-301F-11D3-BF4B-00C04F79EFBC}") = "Rgr", "Rgr.csproj", "{05A97472-3C9F-4BA2-A383-E92EDDFEC215}"
EndProject
Global
	GlobalSection(SolutionConfigurationPlatforms) = preSolution
		Debug|Any CPU = Debug|Any CPU
		Release|Any CPU = Release|Any CPU
	EndGlobalSection
	GlobalSection(ProjectConfigurationPlatforms) = postSolution
		{05A97472-3C9F-4BA2-A383-E92EDDFEC215}.Debug|Any CPU.ActiveCfg = Debug|Any CPU
		{05A97472-3C9F-4BA2-A383-E92EDDFEC215}.Debug|Any CPU.Build.0 = Debug|Any CPU
		{05A97472-3C9F-4BA2-A383-E92EDDFEC215}.Release|Any CPU.ActiveCfg = Release|Any CPU
		{05A97472-3C9F-4BA2-A383-E92EDDFEC215}.Release|Any CPU.Build.0 = Release|Any CPU
	EndGlobalSection
	GlobalSection(SolutionProperties) = preSolution
		HideSolutionNode = FALSE
	EndGlobalSection
	GlobalSection(ExtensibilityGlobals) = postSolution
		SolutionGuid = {81771492-8ECC-4855-BE41-1B0770E7F67D}
	EndGlobalSection
EndGlobal
